{
  "name": "test-project",
  "version": "1.0.0",
  "lockfileVersion": 1,
  "requires": true,
  "dependencies": {
    "silanka-frame-print": {
      "version": "1.0.0",
      "resolved": "https://registry.npmjs.org/silanka-frame-print/-/silanka-frame-print-1.0.0.tgz",
      "integrity": "sha512-Sug4StDvIg0C7z3vR4nm1biF2ocWtqubPe02TOJgP4KXw9EPtlnqAfLCyStcJSrcRCHU1i6RMZYwYXQ9juGAQQ=="
    }
  }
}
